// !$*UTF8*$!
{
	archiveVersion = 1;
	classes = {
	};
	objectVersion = 46;
	objects = {

/* Begin PBXBuildFile section */
		2C030FF50AA066AC005B592F /* HelpSetup.plist in Resources */ = {isa = PBXBuildFile; fileRef = 2C030FE70AA06516005B592F /* HelpSetup.plist */; };
		2C591E8A099ECCCC000BC6BA /* UnixScriptExecuter.applescript in Sources */ = {isa = PBXBuildFile; fileRef = 2C591E89099ECCCC000BC6BA /* UnixScriptExecuter.applescript */; settings = {ATTRIBUTES = (); }; };
		2C5B51320E8FD5F2009BED97 /* minus.tiff in Resources */ = {isa = PBXBuildFile; fileRef = 2C5B51300E8FD5F2009BED97 /* minus.tiff */; };
		2C5B51330E8FD5F2009BED97 /* plus.tiff in Resources */ = {isa = PBXBuildFile; fileRef = 2C5B51310E8FD5F2009BED97 /* plus.tiff */; };
		2C5B51850E8FE8A3009BED97 /* ScriptingBridge.framework in Frameworks */ = {isa = PBXBuildFile; fileRef = 2C5B51840E8FE8A3009BED97 /* ScriptingBridge.framework */; };
		2C701E7808BB85D5000D1339 /* SettingWindowController.m in Sources */ = {isa = PBXBuildFile; fileRef = 2C701E7608BB85D5000D1339 /* SettingWindowController.m */; };
		2C7BC36808D98CB9001F4EFB /* TitlelessWindow.m in Sources */ = {isa = PBXBuildFile; fileRef = 2C7BC36608D98CB9001F4EFB /* TitlelessWindow.m */; };
		2C7E63D812FA49A6006F711F /* TerminalBridge.icns in Resources */ = {isa = PBXBuildFile; fileRef = 2C7E63D712FA49A6006F711F /* TerminalBridge.icns */; };
		2C84D0481C72F4C400394023 /* DonationReminder.framework in CopyFiles */ = {isa = PBXBuildFile; fileRef = 2C84D0451C72F49900394023 /* DonationReminder.framework */; };
		2C84D0491C72F4D800394023 /* DonationReminder.framework in Frameworks */ = {isa = PBXBuildFile; fileRef = 2C84D0451C72F49900394023 /* DonationReminder.framework */; };
		2C84D04D1C72F53C00394023 /* NSRunningApplication+SmartActivate.h in Headers */ = {isa = PBXBuildFile; fileRef = 2C84D04B1C72F53C00394023 /* NSRunningApplication+SmartActivate.h */; };
		2C84D04E1C72F53C00394023 /* NSRunningApplication+SmartActivate.m in Sources */ = {isa = PBXBuildFile; fileRef = 2C84D04C1C72F53C00394023 /* NSRunningApplication+SmartActivate.m */; };
		2C84D0521C72FE6F00394023 /* StringExtra.h in Headers */ = {isa = PBXBuildFile; fileRef = 2C84D0501C72FE6F00394023 /* StringExtra.h */; };
		2C84D0531C72FE6F00394023 /* StringExtra.m in Sources */ = {isa = PBXBuildFile; fileRef = 2C84D0511C72FE6F00394023 /* StringExtra.m */; };
		2CA91F0408B5E93B00A6B73C /* TerminalBridge.applescript in Sources */ = {isa = PBXBuildFile; fileRef = DA206CF3015C4E8B03C91932 /* TerminalBridge.applescript */; settings = {ATTRIBUTES = (); }; };
		2CA91F0608B5E93B00A6B73C /* UnixScriptController.applescript in Sources */ = {isa = PBXBuildFile; fileRef = 2C10B9F70618556700598626 /* UnixScriptController.applescript */; settings = {ATTRIBUTES = (); }; };
		2CA91F0908B5E93B00A6B73C /* ExecuterController.applescript in Sources */ = {isa = PBXBuildFile; fileRef = 2C6FB982062440FA004731C7 /* ExecuterController.applescript */; settings = {ATTRIBUTES = (); }; };
		2CA91F0C08B5E93B00A6B73C /* SettingWindowController.applescript in Sources */ = {isa = PBXBuildFile; fileRef = 2C22DEC8078A8BF800C57192 /* SettingWindowController.applescript */; settings = {ATTRIBUTES = (); }; };
		2CA91F1108B5E93B00A6B73C /* MainMenu.nib in Resources */ = {isa = PBXBuildFile; fileRef = 29B97318FDCFA39411CA2CEA /* MainMenu.nib */; };
		2CA91F1208B5E93B00A6B73C /* Localizable.strings in Resources */ = {isa = PBXBuildFile; fileRef = 2C9E42BE052215CB00248965 /* Localizable.strings */; };
		2CA91F1308B5E93B00A6B73C /* FactorySettings.plist in Resources */ = {isa = PBXBuildFile; fileRef = 2CC8C94A07882A3600085682 /* FactorySettings.plist */; };
		2CA91F1408B5E93B00A6B73C /* Setting.nib in Resources */ = {isa = PBXBuildFile; fileRef = 2C732BDF07AE5AE3005ACE75 /* Setting.nib */; };
		2CA91F1608B5E93B00A6B73C /* main.m in Sources */ = {isa = PBXBuildFile; fileRef = 29B97316FDCFA39411CA2CEA /* main.m */; settings = {ATTRIBUTES = (); }; };
		2CA91F1808B5E93B00A6B73C /* AppController.m in Sources */ = {isa = PBXBuildFile; fileRef = 2C0B918308B5D01500602706 /* AppController.m */; };
		2CA91F1B08B5E93B00A6B73C /* Cocoa.framework in Frameworks */ = {isa = PBXBuildFile; fileRef = 1058C7A1FEA54F0111CA2CBB /* Cocoa.framework */; };
		2CA9B32A0E97C06B009C0C2A /* DefaultToNilTransformer.m in Sources */ = {isa = PBXBuildFile; fileRef = 2CA9B3280E97C06B009C0C2A /* DefaultToNilTransformer.m */; };
		2CC4854E09906657004E4BDE /* EditorClient.applescript in Sources */ = {isa = PBXBuildFile; fileRef = 2CC4854D09906657004E4BDE /* EditorClient.applescript */; settings = {ATTRIBUTES = (); }; };
		2CC48BB309921FAE004E4BDE /* DelimedStringToArrayTransformer.m in Sources */ = {isa = PBXBuildFile; fileRef = 2CC48BB109921FAE004E4BDE /* DelimedStringToArrayTransformer.m */; };
		2CE8239F16426D12001DEA83 /* AppleScriptObjC.framework in Frameworks */ = {isa = PBXBuildFile; fileRef = 2CE8239E16426D12001DEA83 /* AppleScriptObjC.framework */; };
		2CE8240616429A57001DEA83 /* TerminalCommander.applescript in Sources */ = {isa = PBXBuildFile; fileRef = 2CE8240516429A57001DEA83 /* TerminalCommander.applescript */; settings = {ATTRIBUTES = (); }; };
		2CE824981642B8E2001DEA83 /* UtilityHandlers.applescript in Sources */ = {isa = PBXBuildFile; fileRef = 2CE824971642B8E2001DEA83 /* UtilityHandlers.applescript */; settings = {ATTRIBUTES = (); }; };
		2CE824AA1642C96A001DEA83 /* CommandBuilder.applescript in Sources */ = {isa = PBXBuildFile; fileRef = 2CE824A91642C96A001DEA83 /* CommandBuilder.applescript */; settings = {ATTRIBUTES = (); }; };
		2CE825311642D943001DEA83 /* TerminalBridge.sdef in Resources */ = {isa = PBXBuildFile; fileRef = 2CE825301642D943001DEA83 /* TerminalBridge.sdef */; };
		2CE8255A1642E239001DEA83 /* PerformScriptCommand.m in Sources */ = {isa = PBXBuildFile; fileRef = 2CE825581642E239001DEA83 /* PerformScriptCommand.m */; };
		2CE827581643D501001DEA83 /* ShowHelpCommand.m in Sources */ = {isa = PBXBuildFile; fileRef = 2CE827561643D501001DEA83 /* ShowHelpCommand.m */; };
/* End PBXBuildFile section */

/* Begin PBXContainerItemProxy section */
		2C84D0441C72F49900394023 /* PBXContainerItemProxy */ = {
			isa = PBXContainerItemProxy;
			containerPortal = 2C84D0401C72F49800394023 /* DonationReminder.xcodeproj */;
			proxyType = 2;
			remoteGlobalIDString = 2C4A363E19E61FC40031E521;
			remoteInfo = DonationReminder;
		};
		2C84D0461C72F4AA00394023 /* PBXContainerItemProxy */ = {
			isa = PBXContainerItemProxy;
			containerPortal = 2C84D0401C72F49800394023 /* DonationReminder.xcodeproj */;
			proxyType = 1;
			remoteGlobalIDString = 2C4A363119E61FC40031E521;
			remoteInfo = DonationReminder;
		};
/* End PBXContainerItemProxy section */

/* Begin PBXCopyFilesBuildPhase section */
		2C591CC2099C7C74000BC6BA /* CopyFiles */ = {
			isa = PBXCopyFilesBuildPhase;
			buildActionMask = 2147483647;
			dstPath = "";
			dstSubfolderSpec = 10;
			files = (
				2C84D0481C72F4C400394023 /* DonationReminder.framework in CopyFiles */,
			);
			runOnlyForDeploymentPostprocessing = 0;
		};
/* End PBXCopyFilesBuildPhase section */

/* Begin PBXFileReference section */
		1058C7A1FEA54F0111CA2CBB /* Cocoa.framework */ = {isa = PBXFileReference; lastKnownFileType = wrapper.framework; name = Cocoa.framework; path = /System/Library/Frameworks/Cocoa.framework; sourceTree = "<absolute>"; };
		29B97316FDCFA39411CA2CEA /* main.m */ = {isa = PBXFileReference; fileEncoding = 30; lastKnownFileType = sourcecode.c.objc; path = main.m; sourceTree = "<group>"; };
		29B97324FDCFA39411CA2CEA /* AppKit.framework */ = {isa = PBXFileReference; lastKnownFileType = wrapper.framework; name = AppKit.framework; path = /System/Library/Frameworks/AppKit.framework; sourceTree = "<absolute>"; };
		29B97325FDCFA39411CA2CEA /* Foundation.framework */ = {isa = PBXFileReference; lastKnownFileType = wrapper.framework; name = Foundation.framework; path = /System/Library/Frameworks/Foundation.framework; sourceTree = "<absolute>"; };
		2C030FE70AA06516005B592F /* HelpSetup.plist */ = {isa = PBXFileReference; explicitFileType = text.plist; fileEncoding = 4; path = HelpSetup.plist; sourceTree = "<group>"; };
		2C0B918308B5D01500602706 /* AppController.m */ = {isa = PBXFileReference; fileEncoding = 4; lastKnownFileType = sourcecode.c.objc; path = AppController.m; sourceTree = "<group>"; };
		2C0B918408B5D01500602706 /* AppController.h */ = {isa = PBXFileReference; fileEncoding = 2147483649; lastKnownFileType = sourcecode.c.h; path = AppController.h; sourceTree = "<group>"; };
		2C10B9F70618556700598626 /* UnixScriptController.applescript */ = {isa = PBXFileReference; fileEncoding = 4; lastKnownFileType = sourcecode.applescript; path = UnixScriptController.applescript; sourceTree = "<group>"; };
		2C22DEC8078A8BF800C57192 /* SettingWindowController.applescript */ = {isa = PBXFileReference; fileEncoding = 4; lastKnownFileType = sourcecode.applescript; path = SettingWindowController.applescript; sourceTree = "<group>"; };
		2C4749B10A70B3D600096E8A /* History.rd */ = {isa = PBXFileReference; fileEncoding = 4; lastKnownFileType = text; name = History.rd; path = ../History.rd; sourceTree = SOURCE_ROOT; wrapsLines = 1; };
		2C591E67099E0CBF000BC6BA /* TerminalClient.h */ = {isa = PBXFileReference; fileEncoding = 4; lastKnownFileType = sourcecode.c.h; path = TerminalClient.h; sourceTree = "<group>"; };
		2C591E68099E0CBF000BC6BA /* TerminalClient.m */ = {isa = PBXFileReference; fileEncoding = 4; lastKnownFileType = sourcecode.c.objc; path = TerminalClient.m; sourceTree = "<group>"; };
		2C591E89099ECCCC000BC6BA /* UnixScriptExecuter.applescript */ = {isa = PBXFileReference; fileEncoding = 2147483649; lastKnownFileType = sourcecode.applescript; path = UnixScriptExecuter.applescript; sourceTree = "<group>"; };
		2C5B51300E8FD5F2009BED97 /* minus.tiff */ = {isa = PBXFileReference; lastKnownFileType = image.tiff; path = minus.tiff; sourceTree = "<group>"; };
		2C5B51310E8FD5F2009BED97 /* plus.tiff */ = {isa = PBXFileReference; lastKnownFileType = image.tiff; path = plus.tiff; sourceTree = "<group>"; };
		2C5B51610E8FE0F3009BED97 /* Terminal.h */ = {isa = PBXFileReference; fileEncoding = 4; lastKnownFileType = sourcecode.c.h; path = Terminal.h; sourceTree = "<group>"; };
		2C5B51840E8FE8A3009BED97 /* ScriptingBridge.framework */ = {isa = PBXFileReference; lastKnownFileType = wrapper.framework; name = ScriptingBridge.framework; path = /System/Library/Frameworks/ScriptingBridge.framework; sourceTree = "<absolute>"; };
		2C6FB982062440FA004731C7 /* ExecuterController.applescript */ = {isa = PBXFileReference; explicitFileType = sourcecode.applescript; fileEncoding = 2147483649; path = ExecuterController.applescript; sourceTree = "<group>"; };
		2C701E7508BB85D5000D1339 /* SettingWindowController.h */ = {isa = PBXFileReference; fileEncoding = 4; lastKnownFileType = sourcecode.c.h; path = SettingWindowController.h; sourceTree = "<group>"; };
		2C701E7608BB85D5000D1339 /* SettingWindowController.m */ = {isa = PBXFileReference; fileEncoding = 4; lastKnownFileType = sourcecode.c.objc; path = SettingWindowController.m; sourceTree = "<group>"; };
		2C732BE007AE5AE3005ACE75 /* Japanese */ = {isa = PBXFileReference; lastKnownFileType = wrapper.nib; name = Japanese; path = Japanese.lproj/Setting.nib; sourceTree = "<group>"; };
		2C7BC36608D98CB9001F4EFB /* TitlelessWindow.m */ = {isa = PBXFileReference; fileEncoding = 2147483649; lastKnownFileType = sourcecode.c.objc; path = TitlelessWindow.m; sourceTree = "<group>"; };
		2C7BC36708D98CB9001F4EFB /* TitlelessWindow.h */ = {isa = PBXFileReference; fileEncoding = 2147483649; lastKnownFileType = sourcecode.c.h; path = TitlelessWindow.h; sourceTree = "<group>"; };
		2C7E63D712FA49A6006F711F /* TerminalBridge.icns */ = {isa = PBXFileReference; lastKnownFileType = image.icns; path = TerminalBridge.icns; sourceTree = "<group>"; };
		2C84D0401C72F49800394023 /* DonationReminder.xcodeproj */ = {isa = PBXFileReference; lastKnownFileType = "wrapper.pb-project"; name = DonationReminder.xcodeproj; path = DonationReminder/DonationReminder.xcodeproj; sourceTree = "<group>"; };
		2C84D04B1C72F53C00394023 /* NSRunningApplication+SmartActivate.h */ = {isa = PBXFileReference; fileEncoding = 4; lastKnownFileType = sourcecode.c.h; path = "NSRunningApplication+SmartActivate.h"; sourceTree = "<group>"; };
		2C84D04C1C72F53C00394023 /* NSRunningApplication+SmartActivate.m */ = {isa = PBXFileReference; fileEncoding = 4; lastKnownFileType = sourcecode.c.objc; path = "NSRunningApplication+SmartActivate.m"; sourceTree = "<group>"; };
		2C84D0501C72FE6F00394023 /* StringExtra.h */ = {isa = PBXFileReference; fileEncoding = 4; lastKnownFileType = sourcecode.c.h; path = StringExtra.h; sourceTree = "<group>"; };
		2C84D0511C72FE6F00394023 /* StringExtra.m */ = {isa = PBXFileReference; fileEncoding = 4; lastKnownFileType = sourcecode.c.objc; path = StringExtra.m; sourceTree = "<group>"; };
		2C8C1DD80520B0DB009688D1 /* Japanese */ = {isa = PBXFileReference; lastKnownFileType = wrapper.nib; name = Japanese; path = Japanese.lproj/MainMenu.nib; sourceTree = "<group>"; };
		2C9E42C1052215F000248965 /* Japanese */ = {isa = PBXFileReference; fileEncoding = 10; lastKnownFileType = text.plist.strings; lineEnding = 0; name = Japanese; path = Japanese.lproj/Localizable.strings; sourceTree = "<group>"; };
		2CA91F1E08B5E93B00A6B73C /* Info.plist */ = {isa = PBXFileReference; explicitFileType = text.plist; fileEncoding = 4; lineEnding = 0; path = Info.plist; sourceTree = "<group>"; };
		2CA91F1F08B5E93B00A6B73C /* TerminalBridge.app */ = {isa = PBXFileReference; explicitFileType = wrapper.application; includeInIndex = 0; path = TerminalBridge.app; sourceTree = BUILT_PRODUCTS_DIR; };
		2CA9B3270E97C06B009C0C2A /* DefaultToNilTransformer.h */ = {isa = PBXFileReference; fileEncoding = 4; lastKnownFileType = sourcecode.c.h; path = DefaultToNilTransformer.h; sourceTree = "<group>"; };
		2CA9B3280E97C06B009C0C2A /* DefaultToNilTransformer.m */ = {isa = PBXFileReference; fileEncoding = 4; lastKnownFileType = sourcecode.c.objc; path = DefaultToNilTransformer.m; sourceTree = "<group>"; };
		2CC4854D09906657004E4BDE /* EditorClient.applescript */ = {isa = PBXFileReference; fileEncoding = 4; lastKnownFileType = sourcecode.applescript; path = EditorClient.applescript; sourceTree = "<group>"; };
		2CC48BB009921FAE004E4BDE /* DelimedStringToArrayTransformer.h */ = {isa = PBXFileReference; fileEncoding = 4; lastKnownFileType = sourcecode.c.h; path = DelimedStringToArrayTransformer.h; sourceTree = "<group>"; };
		2CC48BB109921FAE004E4BDE /* DelimedStringToArrayTransformer.m */ = {isa = PBXFileReference; fileEncoding = 4; lastKnownFileType = sourcecode.c.objc; path = DelimedStringToArrayTransformer.m; sourceTree = "<group>"; };
		2CC8C94A07882A3600085682 /* FactorySettings.plist */ = {isa = PBXFileReference; explicitFileType = text.plist; fileEncoding = 2147483649; path = FactorySettings.plist; sourceTree = "<group>"; };
		2CE8239E16426D12001DEA83 /* AppleScriptObjC.framework */ = {isa = PBXFileReference; lastKnownFileType = wrapper.framework; name = AppleScriptObjC.framework; path = System/Library/Frameworks/AppleScriptObjC.framework; sourceTree = SDKROOT; };
		2CE8240516429A57001DEA83 /* TerminalCommander.applescript */ = {isa = PBXFileReference; fileEncoding = 4; lastKnownFileType = sourcecode.applescript; path = TerminalCommander.applescript; sourceTree = "<group>"; };
		2CE824971642B8E2001DEA83 /* UtilityHandlers.applescript */ = {isa = PBXFileReference; fileEncoding = 4; lastKnownFileType = sourcecode.applescript; path = UtilityHandlers.applescript; sourceTree = "<group>"; };
		2CE824A91642C96A001DEA83 /* CommandBuilder.applescript */ = {isa = PBXFileReference; fileEncoding = 4; lastKnownFileType = sourcecode.applescript; path = CommandBuilder.applescript; sourceTree = "<group>"; };
		2CE825301642D943001DEA83 /* TerminalBridge.sdef */ = {isa = PBXFileReference; fileEncoding = 4; lastKnownFileType = text.sdef; path = TerminalBridge.sdef; sourceTree = "<group>"; };
		2CE825571642E239001DEA83 /* PerformScriptCommand.h */ = {isa = PBXFileReference; fileEncoding = 4; lastKnownFileType = sourcecode.c.h; path = PerformScriptCommand.h; sourceTree = "<group>"; };
		2CE825581642E239001DEA83 /* PerformScriptCommand.m */ = {isa = PBXFileReference; fileEncoding = 4; lastKnownFileType = sourcecode.c.objc; path = PerformScriptCommand.m; sourceTree = "<group>"; };
		2CE827551643D501001DEA83 /* ShowHelpCommand.h */ = {isa = PBXFileReference; fileEncoding = 4; lastKnownFileType = sourcecode.c.h; path = ShowHelpCommand.h; sourceTree = "<group>"; };
		2CE827561643D501001DEA83 /* ShowHelpCommand.m */ = {isa = PBXFileReference; fileEncoding = 4; lastKnownFileType = sourcecode.c.objc; path = ShowHelpCommand.m; sourceTree = "<group>"; };
		DA206CF3015C4E8B03C91932 /* TerminalBridge.applescript */ = {isa = PBXFileReference; fileEncoding = 2147483649; lastKnownFileType = sourcecode.applescript; path = TerminalBridge.applescript; sourceTree = "<group>"; };
/* End PBXFileReference section */

/* Begin PBXFrameworksBuildPhase section */
		2CA91F1A08B5E93B00A6B73C /* Frameworks */ = {
			isa = PBXFrameworksBuildPhase;
			buildActionMask = 2147483647;
			files = (
				2CA91F1B08B5E93B00A6B73C /* Cocoa.framework in Frameworks */,
				2C5B51850E8FE8A3009BED97 /* ScriptingBridge.framework in Frameworks */,
				2C84D0491C72F4D800394023 /* DonationReminder.framework in Frameworks */,
				2CE8239F16426D12001DEA83 /* AppleScriptObjC.framework in Frameworks */,
			);
			runOnlyForDeploymentPostprocessing = 0;
		};
/* End PBXFrameworksBuildPhase section */

/* Begin PBXGroup section */
		080E96DDFE201D6D7F000001 /* Scripts */ = {
			isa = PBXGroup;
			children = (
				DA206CF3015C4E8B03C91932 /* TerminalBridge.applescript */,
				2C10B9F70618556700598626 /* UnixScriptController.applescript */,
				2C22DEC8078A8BF800C57192 /* SettingWindowController.applescript */,
				2C6FB982062440FA004731C7 /* ExecuterController.applescript */,
				2CC4854D09906657004E4BDE /* EditorClient.applescript */,
				2C591E89099ECCCC000BC6BA /* UnixScriptExecuter.applescript */,
				2CE8240516429A57001DEA83 /* TerminalCommander.applescript */,
				2CE824971642B8E2001DEA83 /* UtilityHandlers.applescript */,
				2CE824A91642C96A001DEA83 /* CommandBuilder.applescript */,
			);
			path = Scripts;
			sourceTree = "<group>";
		};
		1058C7A0FEA54F0111CA2CBB /* Linked Frameworks */ = {
			isa = PBXGroup;
			children = (
				1058C7A1FEA54F0111CA2CBB /* Cocoa.framework */,
				2CE8239E16426D12001DEA83 /* AppleScriptObjC.framework */,
			);
			name = "Linked Frameworks";
			sourceTree = "<group>";
		};
		1058C7A2FEA54F0111CA2CBB /* Other Frameworks */ = {
			isa = PBXGroup;
			children = (
				2C5B51840E8FE8A3009BED97 /* ScriptingBridge.framework */,
				29B97325FDCFA39411CA2CEA /* Foundation.framework */,
				29B97324FDCFA39411CA2CEA /* AppKit.framework */,
			);
			name = "Other Frameworks";
			sourceTree = "<group>";
		};
		19C28FACFE9D520D11CA2CBB /* Products */ = {
			isa = PBXGroup;
			children = (
				2CA91F1F08B5E93B00A6B73C /* TerminalBridge.app */,
			);
			name = Products;
			sourceTree = "<group>";
		};
		29B97314FDCFA39411CA2CEA /* Application */ = {
			isa = PBXGroup;
			children = (
				2C4749B10A70B3D600096E8A /* History.rd */,
				2C84D04A1C72F53C00394023 /* NSRunningApplication-SmartActivate */,
				2C84D04F1C72FE6F00394023 /* StringExtra */,
				080E96DDFE201D6D7F000001 /* Scripts */,
				2C0B914D08B5CF1900602706 /* Classes */,
				29B97317FDCFA39411CA2CEA /* Resources */,
				29B97315FDCFA39411CA2CEA /* Other Sources */,
				29B97323FDCFA39411CA2CEA /* Frameworks */,
				19C28FACFE9D520D11CA2CBB /* Products */,
				2C84D0401C72F49800394023 /* DonationReminder.xcodeproj */,
			);
			name = Application;
			sourceTree = "<group>";
		};
		29B97315FDCFA39411CA2CEA /* Other Sources */ = {
			isa = PBXGroup;
			children = (
				29B97316FDCFA39411CA2CEA /* main.m */,
			);
			name = "Other Sources";
			sourceTree = "<group>";
		};
		29B97317FDCFA39411CA2CEA /* Resources */ = {
			isa = PBXGroup;
			children = (
				2C5B51300E8FD5F2009BED97 /* minus.tiff */,
				2C7E63D712FA49A6006F711F /* TerminalBridge.icns */,
				2C5B51310E8FD5F2009BED97 /* plus.tiff */,
				2C030FE70AA06516005B592F /* HelpSetup.plist */,
				2CA91F1E08B5E93B00A6B73C /* Info.plist */,
				29B97318FDCFA39411CA2CEA /* MainMenu.nib */,
				2C732BDF07AE5AE3005ACE75 /* Setting.nib */,
				2CC8C94A07882A3600085682 /* FactorySettings.plist */,
				2C9E42BE052215CB00248965 /* Localizable.strings */,
				2CE825301642D943001DEA83 /* TerminalBridge.sdef */,
			);
			name = Resources;
			sourceTree = "<group>";
		};
		29B97323FDCFA39411CA2CEA /* Frameworks */ = {
			isa = PBXGroup;
			children = (
				1058C7A0FEA54F0111CA2CBB /* Linked Frameworks */,
				1058C7A2FEA54F0111CA2CBB /* Other Frameworks */,
			);
			name = Frameworks;
			sourceTree = "<group>";
		};
		2C0B914D08B5CF1900602706 /* Classes */ = {
			isa = PBXGroup;
			children = (
				2C5B51610E8FE0F3009BED97 /* Terminal.h */,
				2C7BC36608D98CB9001F4EFB /* TitlelessWindow.m */,
				2C7BC36708D98CB9001F4EFB /* TitlelessWindow.h */,
				2C701E7508BB85D5000D1339 /* SettingWindowController.h */,
				2C701E7608BB85D5000D1339 /* SettingWindowController.m */,
				2C0B918308B5D01500602706 /* AppController.m */,
				2C0B918408B5D01500602706 /* AppController.h */,
				2CC48BB009921FAE004E4BDE /* DelimedStringToArrayTransformer.h */,
				2CC48BB109921FAE004E4BDE /* DelimedStringToArrayTransformer.m */,
				2C591E67099E0CBF000BC6BA /* TerminalClient.h */,
				2C591E68099E0CBF000BC6BA /* TerminalClient.m */,
				2CA9B3270E97C06B009C0C2A /* DefaultToNilTransformer.h */,
				2CA9B3280E97C06B009C0C2A /* DefaultToNilTransformer.m */,
				2CE825571642E239001DEA83 /* PerformScriptCommand.h */,
				2CE825581642E239001DEA83 /* PerformScriptCommand.m */,
				2CE827551643D501001DEA83 /* ShowHelpCommand.h */,
				2CE827561643D501001DEA83 /* ShowHelpCommand.m */,
			);
			name = Classes;
			sourceTree = "<group>";
		};
		2C84D0411C72F49800394023 /* Products */ = {
			isa = PBXGroup;
			children = (
				2C84D0451C72F49900394023 /* DonationReminder.framework */,
			);
			name = Products;
			sourceTree = "<group>";
		};
		2C84D04A1C72F53C00394023 /* NSRunningApplication-SmartActivate */ = {
			isa = PBXGroup;
			children = (
				2C84D04B1C72F53C00394023 /* NSRunningApplication+SmartActivate.h */,
				2C84D04C1C72F53C00394023 /* NSRunningApplication+SmartActivate.m */,
			);
			path = "NSRunningApplication-SmartActivate";
			sourceTree = "<group>";
		};
		2C84D04F1C72FE6F00394023 /* StringExtra */ = {
			isa = PBXGroup;
			children = (
				2C84D0501C72FE6F00394023 /* StringExtra.h */,
				2C84D0511C72FE6F00394023 /* StringExtra.m */,
			);
			path = StringExtra;
			sourceTree = "<group>";
		};
/* End PBXGroup section */

/* Begin PBXHeadersBuildPhase section */
		2CA91EFF08B5E93B00A6B73C /* Headers */ = {
			isa = PBXHeadersBuildPhase;
			buildActionMask = 2147483647;
			files = (
				2C84D04D1C72F53C00394023 /* NSRunningApplication+SmartActivate.h in Headers */,
				2C84D0521C72FE6F00394023 /* StringExtra.h in Headers */,
			);
			runOnlyForDeploymentPostprocessing = 0;
		};
/* End PBXHeadersBuildPhase section */

/* Begin PBXNativeTarget section */
		2CA91EFE08B5E93B00A6B73C /* TerminalBridge */ = {
			isa = PBXNativeTarget;
			buildConfigurationList = 2C4A700E0980A72B00D4AF6B /* Build configuration list for PBXNativeTarget "TerminalBridge" */;
			buildPhases = (
				2CA91EFF08B5E93B00A6B73C /* Headers */,
				2CA91F1008B5E93B00A6B73C /* Resources */,
				2CA91F1508B5E93B00A6B73C /* Sources */,
				2C591CC2099C7C74000BC6BA /* CopyFiles */,
				2CA91F1A08B5E93B00A6B73C /* Frameworks */,
				2CE6664F14FBDC2D00B3755C /* ShellScript */,
			);
			buildRules = (
			);
			dependencies = (
				2C84D0471C72F4AA00394023 /* PBXTargetDependency */,
			);
			name = TerminalBridge;
			productInstallPath = "$(HOME)/Applications";
			productName = Application;
			productReference = 2CA91F1F08B5E93B00A6B73C /* TerminalBridge.app */;
			productType = "com.apple.product-type.application";
		};
/* End PBXNativeTarget section */

/* Begin PBXProject section */
		29B97313FDCFA39411CA2CEA /* Project object */ = {
			isa = PBXProject;
			attributes = {
				LastUpgradeCheck = 0460;
			};
			buildConfigurationList = 2C4A70130980A72B00D4AF6B /* Build configuration list for PBXProject "TerminalBridge" */;
			compatibilityVersion = "Xcode 3.2";
			developmentRegion = English;
			hasScannedForEncodings = 1;
			knownRegions = (
				English,
				Japanese,
				French,
				German,
			);
			mainGroup = 29B97314FDCFA39411CA2CEA /* Application */;
			projectDirPath = "";
			projectReferences = (
				{
					ProductGroup = 2C84D0411C72F49800394023 /* Products */;
					ProjectRef = 2C84D0401C72F49800394023 /* DonationReminder.xcodeproj */;
				},
			);
			projectRoot = "";
			targets = (
				2CA91EFE08B5E93B00A6B73C /* TerminalBridge */,
			);
		};
/* End PBXProject section */

/* Begin PBXReferenceProxy section */
		2C84D0451C72F49900394023 /* DonationReminder.framework */ = {
			isa = PBXReferenceProxy;
			fileType = wrapper.framework;
			path = DonationReminder.framework;
			remoteRef = 2C84D0441C72F49900394023 /* PBXContainerItemProxy */;
			sourceTree = BUILT_PRODUCTS_DIR;
		};
/* End PBXReferenceProxy section */

/* Begin PBXResourcesBuildPhase section */
		2CA91F1008B5E93B00A6B73C /* Resources */ = {
			isa = PBXResourcesBuildPhase;
			buildActionMask = 2147483647;
			files = (
				2C030FF50AA066AC005B592F /* HelpSetup.plist in Resources */,
				2CA91F1108B5E93B00A6B73C /* MainMenu.nib in Resources */,
				2CA91F1208B5E93B00A6B73C /* Localizable.strings in Resources */,
				2CA91F1308B5E93B00A6B73C /* FactorySettings.plist in Resources */,
				2CA91F1408B5E93B00A6B73C /* Setting.nib in Resources */,
				2C5B51320E8FD5F2009BED97 /* minus.tiff in Resources */,
				2C5B51330E8FD5F2009BED97 /* plus.tiff in Resources */,
				2C7E63D812FA49A6006F711F /* TerminalBridge.icns in Resources */,
				2CE825311642D943001DEA83 /* TerminalBridge.sdef in Resources */,
			);
			runOnlyForDeploymentPostprocessing = 0;
		};
/* End PBXResourcesBuildPhase section */

/* Begin PBXShellScriptBuildPhase section */
		2CE6664F14FBDC2D00B3755C /* ShellScript */ = {
			isa = PBXShellScriptBuildPhase;
			buildActionMask = 8;
			files = (
			);
			inputPaths = (
			);
			outputPaths = (
			);
			runOnlyForDeploymentPostprocessing = 1;
			shellPath = /bin/sh;
			shellScript = "if [ \"$BUILD_STYLE\" = 'Release' ]; then\ncd $BUILT_PRODUCTS_DIR\nSetupHelpBook $FULL_PRODUCT_NAME\nfi\n";
		};
/* End PBXShellScriptBuildPhase section */

/* Begin PBXSourcesBuildPhase section */
		2CA91F1508B5E93B00A6B73C /* Sources */ = {
			isa = PBXSourcesBuildPhase;
			buildActionMask = 2147483647;
			files = (
				2CE824AA1642C96A001DEA83 /* CommandBuilder.applescript in Sources */,
				2C591E8A099ECCCC000BC6BA /* UnixScriptExecuter.applescript in Sources */,
				2CC4854E09906657004E4BDE /* EditorClient.applescript in Sources */,
				2CA91F0C08B5E93B00A6B73C /* SettingWindowController.applescript in Sources */,
				2CA91F0908B5E93B00A6B73C /* ExecuterController.applescript in Sources */,
				2CA91F0608B5E93B00A6B73C /* UnixScriptController.applescript in Sources */,
				2CE824981642B8E2001DEA83 /* UtilityHandlers.applescript in Sources */,
				2CE8240616429A57001DEA83 /* TerminalCommander.applescript in Sources */,
				2CA91F0408B5E93B00A6B73C /* TerminalBridge.applescript in Sources */,
				2CA91F1608B5E93B00A6B73C /* main.m in Sources */,
				2CA91F1808B5E93B00A6B73C /* AppController.m in Sources */,
				2C701E7808BB85D5000D1339 /* SettingWindowController.m in Sources */,
				2C7BC36808D98CB9001F4EFB /* TitlelessWindow.m in Sources */,
				2CC48BB309921FAE004E4BDE /* DelimedStringToArrayTransformer.m in Sources */,
				2CA9B32A0E97C06B009C0C2A /* DefaultToNilTransformer.m in Sources */,
				2CE8255A1642E239001DEA83 /* PerformScriptCommand.m in Sources */,
				2CE827581643D501001DEA83 /* ShowHelpCommand.m in Sources */,
				2C84D04E1C72F53C00394023 /* NSRunningApplication+SmartActivate.m in Sources */,
				2C84D0531C72FE6F00394023 /* StringExtra.m in Sources */,
			);
			runOnlyForDeploymentPostprocessing = 0;
		};
/* End PBXSourcesBuildPhase section */

/* Begin PBXTargetDependency section */
		2C84D0471C72F4AA00394023 /* PBXTargetDependency */ = {
			isa = PBXTargetDependency;
			name = DonationReminder;
			targetProxy = 2C84D0461C72F4AA00394023 /* PBXContainerItemProxy */;
		};
/* End PBXTargetDependency section */

/* Begin PBXVariantGroup section */
		29B97318FDCFA39411CA2CEA /* MainMenu.nib */ = {
			isa = PBXVariantGroup;
			children = (
				2C8C1DD80520B0DB009688D1 /* Japanese */,
			);
			name = MainMenu.nib;
			sourceTree = "<group>";
		};
		2C732BDF07AE5AE3005ACE75 /* Setting.nib */ = {
			isa = PBXVariantGroup;
			children = (
				2C732BE007AE5AE3005ACE75 /* Japanese */,
			);
			name = Setting.nib;
			sourceTree = "<group>";
		};
		2C9E42BE052215CB00248965 /* Localizable.strings */ = {
			isa = PBXVariantGroup;
			children = (
				2C9E42C1052215F000248965 /* Japanese */,
			);
			name = Localizable.strings;
			sourceTree = "<group>";
		};
/* End PBXVariantGroup section */

/* Begin XCBuildConfiguration section */
		2C4A700F0980A72B00D4AF6B /* Debug */ = {
			isa = XCBuildConfiguration;
			buildSettings = {
				CLANG_ENABLE_OBJC_ARC = YES;
				COMBINE_HIDPI_IMAGES = YES;
				COPY_PHASE_STRIP = NO;
				CURRENT_PROJECT_VERSION = 16;
				FRAMEWORK_SEARCH_PATHS = (
					"$(FRAMEWORK_SEARCH_PATHS)",
					"$(SRCROOT)",
					"$(FRAMEWORK_SEARCH_PATHS_QUOTED_3)",
				);
				GCC_DYNAMIC_NO_PIC = NO;
				GCC_GENERATE_DEBUGGING_SYMBOLS = YES;
				GCC_OPTIMIZATION_LEVEL = 0;
				HEADER_SEARCH_PATHS = "";
				INFOPLIST_FILE = Info.plist;
				INSTALL_PATH = "/Library/Application Support/mi";
				LIBRARY_SEARCH_PATHS = "";
				OTHER_CFLAGS = "";
				OTHER_LDFLAGS = "-licucore";
				PRODUCT_NAME = TerminalBridge;
				SECTORDER_FLAGS = "";
				USER_HEADER_SEARCH_PATHS = "";
				VERSIONING_SYSTEM = apple_generic;
				WARNING_CFLAGS = (
					"-Wmost",
					"-Wno-four-char-constants",
					"-Wno-unknown-pragmas",
				);
				WRAPPER_EXTENSION = app;
			};
			name = Debug;
		};
		2C4A70100980A72B00D4AF6B /* Release */ = {
			isa = XCBuildConfiguration;
			buildSettings = {
				CLANG_ENABLE_OBJC_ARC = YES;
				COMBINE_HIDPI_IMAGES = YES;
				COPY_PHASE_STRIP = YES;
				CURRENT_PROJECT_VERSION = 16;
				FRAMEWORK_SEARCH_PATHS = (
					"$(FRAMEWORK_SEARCH_PATHS)",
					"$(SRCROOT)",
					"$(FRAMEWORK_SEARCH_PATHS_QUOTED_3)",
				);
				GCC_C_LANGUAGE_STANDARD = c99;
				GCC_GENERATE_DEBUGGING_SYMBOLS = NO;
				HEADER_SEARCH_PATHS = "";
				INFOPLIST_FILE = Info.plist;
				INSTALL_PATH = "/Library/Application Support/mi";
				LIBRARY_SEARCH_PATHS = "";
				OTHER_CFLAGS = "";
				OTHER_LDFLAGS = "-licucore";
				PRODUCT_NAME = TerminalBridge;
				SECTORDER_FLAGS = "";
				VERSIONING_SYSTEM = apple_generic;
				WARNING_CFLAGS = (
					"-Wmost",
					"-Wno-four-char-constants",
					"-Wno-unknown-pragmas",
				);
				WRAPPER_EXTENSION = app;
			};
			name = Release;
		};
		2C4A70110980A72B00D4AF6B /* SDDebug */ = {
			isa = XCBuildConfiguration;
			buildSettings = {
				CLANG_ENABLE_OBJC_ARC = YES;
				COMBINE_HIDPI_IMAGES = YES;
				COPY_PHASE_STRIP = NO;
				CURRENT_PROJECT_VERSION = 16;
				FRAMEWORK_SEARCH_PATHS = (
					"$(FRAMEWORK_SEARCH_PATHS)",
					"$(SRCROOT)",
					"$(FRAMEWORK_SEARCH_PATHS_QUOTED_3)",
				);
				GCC_GENERATE_DEBUGGING_SYMBOLS = NO;
				GCC_OPTIMIZATION_LEVEL = 0;
				HEADER_SEARCH_PATHS = "";
				INFOPLIST_FILE = Info.plist;
				INSTALL_PATH = "/Library/Application Support/mi";
				LIBRARY_SEARCH_PATHS = "";
				OTHER_CFLAGS = "";
				OTHER_LDFLAGS = "-licucore";
				PRODUCT_NAME = TerminalBridge;
				SECTORDER_FLAGS = "";
				VERSIONING_SYSTEM = apple_generic;
				WARNING_CFLAGS = (
					"-Wmost",
					"-Wno-four-char-constants",
					"-Wno-unknown-pragmas",
				);
				WRAPPER_EXTENSION = app;
			};
			name = SDDebug;
		};
		2C4A70120980A72B00D4AF6B /* Default */ = {
			isa = XCBuildConfiguration;
			buildSettings = {
				CLANG_ENABLE_OBJC_ARC = YES;
				COMBINE_HIDPI_IMAGES = YES;
				CURRENT_PROJECT_VERSION = 16;
				FRAMEWORK_SEARCH_PATHS = (
					"$(FRAMEWORK_SEARCH_PATHS)",
					"$(SRCROOT)",
					"$(FRAMEWORK_SEARCH_PATHS_QUOTED_3)",
				);
				GCC_GENERATE_DEBUGGING_SYMBOLS = NO;
				HEADER_SEARCH_PATHS = "";
				INFOPLIST_FILE = Info.plist;
				INSTALL_PATH = "/Library/Application Support/mi";
				LIBRARY_SEARCH_PATHS = "";
				OTHER_CFLAGS = "";
				OTHER_LDFLAGS = "-licucore";
				PRODUCT_NAME = TerminalBridge;
				SECTORDER_FLAGS = "";
				VERSIONING_SYSTEM = apple_generic;
				WARNING_CFLAGS = (
					"-Wmost",
					"-Wno-four-char-constants",
					"-Wno-unknown-pragmas",
				);
				WRAPPER_EXTENSION = app;
			};
			name = Default;
		};
		2C4A70140980A72B00D4AF6B /* Debug */ = {
			isa = XCBuildConfiguration;
			buildSettings = {
				ARCHS = "$(ARCHS_STANDARD_64_BIT)";
				COPYRIGHT = "Copyright 2005-2016, Tetsuro KURITA";
				OTHER_LDFLAGS = "-licucore";
				PRODUCT_VERSION = 2.5;
				SDKROOT = macosx;
			};
			name = Debug;
		};
		2C4A70150980A72B00D4AF6B /* Release */ = {
			isa = XCBuildConfiguration;
			buildSettings = {
				ARCHS = "$(ARCHS_STANDARD_64_BIT)";
				COPYRIGHT = "Copyright 2005-2016, Tetsuro KURITA";
				OTHER_LDFLAGS = "-licucore";
				PRODUCT_VERSION = 2.5;
				SDKROOT = macosx;
			};
			name = Release;
		};
		2C4A70160980A72B00D4AF6B /* SDDebug */ = {
			isa = XCBuildConfiguration;
			buildSettings = {
				ARCHS = "$(ARCHS_STANDARD_64_BIT)";
				COPYRIGHT = "Copyright 2005-2016, Tetsuro KURITA";
				OTHER_LDFLAGS = "-licucore";
				PRODUCT_VERSION = 2.5;
				SDKROOT = macosx;
			};
			name = SDDebug;
		};
		2C4A70170980A72B00D4AF6B /* Default */ = {
			isa = XCBuildConfiguration;
			buildSettings = {
				ARCHS = "$(ARCHS_STANDARD_64_BIT)";
				COPYRIGHT = "Copyright 2005-2016, Tetsuro KURITA";
				OTHER_LDFLAGS = "-licucore";
				PRODUCT_VERSION = 2.5;
				SDKROOT = macosx;
			};
			name = Default;
		};
/* End XCBuildConfiguration section */

/* Begin XCConfigurationList section */
		2C4A700E0980A72B00D4AF6B /* Build configuration list for PBXNativeTarget "TerminalBridge" */ = {
			isa = XCConfigurationList;
			buildConfigurations = (
				2C4A700F0980A72B00D4AF6B /* Debug */,
				2C4A70100980A72B00D4AF6B /* Release */,
				2C4A70110980A72B00D4AF6B /* SDDebug */,
				2C4A70120980A72B00D4AF6B /* Default */,
			);
			defaultConfigurationIsVisible = 0;
			defaultConfigurationName = Default;
		};
		2C4A70130980A72B00D4AF6B /* Build configuration list for PBXProject "TerminalBridge" */ = {
			isa = XCConfigurationList;
			buildConfigurations = (
				2C4A70140980A72B00D4AF6B /* Debug */,
				2C4A70150980A72B00D4AF6B /* Release */,
				2C4A70160980A72B00D4AF6B /* SDDebug */,
				2C4A70170980A72B00D4AF6B /* Default */,
			);
			defaultConfigurationIsVisible = 0;
			defaultConfigurationName = Default;
		};
/* End XCConfigurationList section */
	};
	rootObject = 29B97313FDCFA39411CA2CEA /* Project object */;
}
